// !$*UTF8*$!
{
	archiveVersion = 1;
	classes = {
	};
	objectVersion = 56;
	objects = {

/* Begin PBXBuildFile section */
		627DA5E22A13BC4000FE09C9 /* AppDelegate.swift in Sources */ = {isa = PBXBuildFile; fileRef = 627DA5E12A13BC4000FE09C9 /* AppDelegate.swift */; };
		627DA5E42A13BC4000FE09C9 /* SceneDelegate.swift in Sources */ = {isa = PBXBuildFile; fileRef = 627DA5E32A13BC4000FE09C9 /* SceneDelegate.swift */; };
		627DA5E62A13BC4000FE09C9 /* RMTabViewController.swift in Sources */ = {isa = PBXBuildFile; fileRef = 627DA5E52A13BC4000FE09C9 /* RMTabViewController.swift */; };
		627DA5EB2A13BC4100FE09C9 /* Assets.xcassets in Resources */ = {isa = PBXBuildFile; fileRef = 627DA5EA2A13BC4100FE09C9 /* Assets.xcassets */; };
		627DA5EE2A13BC4100FE09C9 /* LaunchScreen.storyboard in Resources */ = {isa = PBXBuildFile; fileRef = 627DA5EC2A13BC4100FE09C9 /* LaunchScreen.storyboard */; };
		627DA5FD2A13C0CC00FE09C9 /* RMLocation.swift in Sources */ = {isa = PBXBuildFile; fileRef = 627DA5FC2A13C0CC00FE09C9 /* RMLocation.swift */; };
		627DA5FF2A13C0DF00FE09C9 /* RMCharacter.swift in Sources */ = {isa = PBXBuildFile; fileRef = 627DA5FE2A13C0DF00FE09C9 /* RMCharacter.swift */; };
		627DA6012A13C0F600FE09C9 /* RMEpisode.swift in Sources */ = {isa = PBXBuildFile; fileRef = 627DA6002A13C0F600FE09C9 /* RMEpisode.swift */; };
		627DA6042A13C41100FE09C9 /* RMCharacterViewController.swift in Sources */ = {isa = PBXBuildFile; fileRef = 627DA6032A13C41100FE09C9 /* RMCharacterViewController.swift */; };
		627DA6062A13C43600FE09C9 /* RMLocationViewController.swift in Sources */ = {isa = PBXBuildFile; fileRef = 627DA6052A13C43600FE09C9 /* RMLocationViewController.swift */; };
		627DA6082A13C45B00FE09C9 /* RMEpisodeViewController.swift in Sources */ = {isa = PBXBuildFile; fileRef = 627DA6072A13C45B00FE09C9 /* RMEpisodeViewController.swift */; };
		627DA60A2A13C48900FE09C9 /* RMSettingsViewController.swift in Sources */ = {isa = PBXBuildFile; fileRef = 627DA6092A13C48900FE09C9 /* RMSettingsViewController.swift */; };
/* End PBXBuildFile section */

/* Begin PBXFileReference section */
		627DA5DE2A13BC4000FE09C9 /* RickAndMorty.app */ = {isa = PBXFileReference; explicitFileType = wrapper.application; includeInIndex = 0; path = RickAndMorty.app; sourceTree = BUILT_PRODUCTS_DIR; };
		627DA5E12A13BC4000FE09C9 /* AppDelegate.swift */ = {isa = PBXFileReference; lastKnownFileType = sourcecode.swift; path = AppDelegate.swift; sourceTree = "<group>"; };
		627DA5E32A13BC4000FE09C9 /* SceneDelegate.swift */ = {isa = PBXFileReference; lastKnownFileType = sourcecode.swift; path = SceneDelegate.swift; sourceTree = "<group>"; };
		627DA5E52A13BC4000FE09C9 /* RMTabViewController.swift */ = {isa = PBXFileReference; lastKnownFileType = sourcecode.swift; path = RMTabViewController.swift; sourceTree = "<group>"; };
		627DA5EA2A13BC4100FE09C9 /* Assets.xcassets */ = {isa = PBXFileReference; lastKnownFileType = folder.assetcatalog; path = Assets.xcassets; sourceTree = "<group>"; };
		627DA5ED2A13BC4100FE09C9 /* Base */ = {isa = PBXFileReference; lastKnownFileType = file.storyboard; name = Base; path = Base.lproj/LaunchScreen.storyboard; sourceTree = "<group>"; };
		627DA5EF2A13BC4100FE09C9 /* Info.plist */ = {isa = PBXFileReference; lastKnownFileType = text.plist.xml; path = Info.plist; sourceTree = "<group>"; };
		627DA5FC2A13C0CC00FE09C9 /* RMLocation.swift */ = {isa = PBXFileReference; lastKnownFileType = sourcecode.swift; path = RMLocation.swift; sourceTree = "<group>"; };
		627DA5FE2A13C0DF00FE09C9 /* RMCharacter.swift */ = {isa = PBXFileReference; lastKnownFileType = sourcecode.swift; path = RMCharacter.swift; sourceTree = "<group>"; };
		627DA6002A13C0F600FE09C9 /* RMEpisode.swift */ = {isa = PBXFileReference; lastKnownFileType = sourcecode.swift; path = RMEpisode.swift; sourceTree = "<group>"; };
		627DA6032A13C41100FE09C9 /* RMCharacterViewController.swift */ = {isa = PBXFileReference; lastKnownFileType = sourcecode.swift; path = RMCharacterViewController.swift; sourceTree = "<group>"; };
		627DA6052A13C43600FE09C9 /* RMLocationViewController.swift */ = {isa = PBXFileReference; lastKnownFileType = sourcecode.swift; path = RMLocationViewController.swift; sourceTree = "<group>"; };
		627DA6072A13C45B00FE09C9 /* RMEpisodeViewController.swift */ = {isa = PBXFileReference; lastKnownFileType = sourcecode.swift; path = RMEpisodeViewController.swift; sourceTree = "<group>"; };
		627DA6092A13C48900FE09C9 /* RMSettingsViewController.swift */ = {isa = PBXFileReference; lastKnownFileType = sourcecode.swift; path = RMSettingsViewController.swift; sourceTree = "<group>"; };
/* End PBXFileReference section */

/* Begin PBXFrameworksBuildPhase section */
		627DA5DB2A13BC4000FE09C9 /* Frameworks */ = {
			isa = PBXFrameworksBuildPhase;
			buildActionMask = 2147483647;
			files = (
			);
			runOnlyForDeploymentPostprocessing = 0;
		};
/* End PBXFrameworksBuildPhase section */

/* Begin PBXGroup section */
		627DA5D52A13BC4000FE09C9 = {
			isa = PBXGroup;
			children = (
				627DA5E02A13BC4000FE09C9 /* RickAndMorty */,
				627DA5DF2A13BC4000FE09C9 /* Products */,
			);
			sourceTree = "<group>";
		};
		627DA5DF2A13BC4000FE09C9 /* Products */ = {
			isa = PBXGroup;
			children = (
				627DA5DE2A13BC4000FE09C9 /* RickAndMorty.app */,
			);
			name = Products;
			sourceTree = "<group>";
		};
		627DA5E02A13BC4000FE09C9 /* RickAndMorty */ = {
			isa = PBXGroup;
			children = (
				627DA5FB2A13BFF700FE09C9 /* Resources */,
				627DA5FA2A13BFEC00FE09C9 /* Managers */,
				627DA5F92A13BFDD00FE09C9 /* APIClient */,
				627DA5F82A13BFB700FE09C9 /* ViewModels */,
				627DA5F72A13BFAF00FE09C9 /* Views */,
				627DA5F62A13BFA500FE09C9 /* Models */,
				627DA5F52A13BF8100FE09C9 /* Controllers */,
				627DA5EF2A13BC4100FE09C9 /* Info.plist */,
			);
			path = RickAndMorty;
			sourceTree = "<group>";
		};
		627DA5F52A13BF8100FE09C9 /* Controllers */ = {
			isa = PBXGroup;
			children = (
				627DA6022A13C34500FE09C9 /* Core */,
			);
			path = Controllers;
			sourceTree = "<group>";
		};
		627DA5F62A13BFA500FE09C9 /* Models */ = {
			isa = PBXGroup;
			children = (
				627DA5FC2A13C0CC00FE09C9 /* RMLocation.swift */,
				627DA5FE2A13C0DF00FE09C9 /* RMCharacter.swift */,
				627DA6002A13C0F600FE09C9 /* RMEpisode.swift */,
			);
			path = Models;
			sourceTree = "<group>";
		};
		627DA5F72A13BFAF00FE09C9 /* Views */ = {
			isa = PBXGroup;
			children = (
			);
			path = Views;
			sourceTree = "<group>";
		};
		627DA5F82A13BFB700FE09C9 /* ViewModels */ = {
			isa = PBXGroup;
			children = (
			);
			path = ViewModels;
			sourceTree = "<group>";
		};
		627DA5F92A13BFDD00FE09C9 /* APIClient */ = {
			isa = PBXGroup;
			children = (
			);
			path = APIClient;
			sourceTree = "<group>";
		};
		627DA5FA2A13BFEC00FE09C9 /* Managers */ = {
			isa = PBXGroup;
			children = (
			);
			path = Managers;
			sourceTree = "<group>";
		};
		627DA5FB2A13BFF700FE09C9 /* Resources */ = {
			isa = PBXGroup;
			children = (
				627DA5EA2A13BC4100FE09C9 /* Assets.xcassets */,
				627DA5EC2A13BC4100FE09C9 /* LaunchScreen.storyboard */,
				627DA5E12A13BC4000FE09C9 /* AppDelegate.swift */,
				627DA5E32A13BC4000FE09C9 /* SceneDelegate.swift */,
			);
			path = Resources;
			sourceTree = "<group>";
		};
		627DA6022A13C34500FE09C9 /* Core */ = {
			isa = PBXGroup;
			children = (
				627DA5E52A13BC4000FE09C9 /* RMTabViewController.swift */,
				627DA6032A13C41100FE09C9 /* RMCharacterViewController.swift */,
				627DA6052A13C43600FE09C9 /* RMLocationViewController.swift */,
				627DA6072A13C45B00FE09C9 /* RMEpisodeViewController.swift */,
				627DA6092A13C48900FE09C9 /* RMSettingsViewController.swift */,
			);
			path = Core;
			sourceTree = "<group>";
		};
/* End PBXGroup section */

/* Begin PBXNativeTarget section */
		627DA5DD2A13BC4000FE09C9 /* RickAndMorty */ = {
			isa = PBXNativeTarget;
			buildConfigurationList = 627DA5F22A13BC4100FE09C9 /* Build configuration list for PBXNativeTarget "RickAndMorty" */;
			buildPhases = (
				627DA5DA2A13BC4000FE09C9 /* Sources */,
				627DA5DB2A13BC4000FE09C9 /* Frameworks */,
				627DA5DC2A13BC4000FE09C9 /* Resources */,
			);
			buildRules = (
			);
			dependencies = (
			);
			name = RickAndMorty;
			productName = RickAndMorty;
			productReference = 627DA5DE2A13BC4000FE09C9 /* RickAndMorty.app */;
			productType = "com.apple.product-type.application";
		};
/* End PBXNativeTarget section */

/* Begin PBXProject section */
		627DA5D62A13BC4000FE09C9 /* Project object */ = {
			isa = PBXProject;
			attributes = {
				BuildIndependentTargetsInParallel = 1;
				LastSwiftUpdateCheck = 1430;
				LastUpgradeCheck = 1430;
				TargetAttributes = {
					627DA5DD2A13BC4000FE09C9 = {
						CreatedOnToolsVersion = 14.3;
					};
				};
			};
			buildConfigurationList = 627DA5D92A13BC4000FE09C9 /* Build configuration list for PBXProject "RickAndMorty" */;
			compatibilityVersion = "Xcode 14.0";
			developmentRegion = en;
			hasScannedForEncodings = 0;
			knownRegions = (
				en,
				Base,
			);
			mainGroup = 627DA5D52A13BC4000FE09C9;
			productRefGroup = 627DA5DF2A13BC4000FE09C9 /* Products */;
			projectDirPath = "";
			projectRoot = "";
			targets = (
				627DA5DD2A13BC4000FE09C9 /* RickAndMorty */,
			);
		};
/* End PBXProject section */

/* Begin PBXResourcesBuildPhase section */
		627DA5DC2A13BC4000FE09C9 /* Resources */ = {
			isa = PBXResourcesBuildPhase;
			buildActionMask = 2147483647;
			files = (
				627DA5EE2A13BC4100FE09C9 /* LaunchScreen.storyboard in Resources */,
				627DA5EB2A13BC4100FE09C9 /* Assets.xcassets in Resources */,
			);
			runOnlyForDeploymentPostprocessing = 0;
		};
/* End PBXResourcesBuildPhase section */

/* Begin PBXSourcesBuildPhase section */
		627DA5DA2A13BC4000FE09C9 /* Sources */ = {
			isa = PBXSourcesBuildPhase;
			buildActionMask = 2147483647;
			files = (
				627DA6062A13C43600FE09C9 /* RMLocationViewController.swift in Sources */,
				627DA6012A13C0F600FE09C9 /* RMEpisode.swift in Sources */,
				627DA5E62A13BC4000FE09C9 /* RMTabViewController.swift in Sources */,
				627DA6082A13C45B00FE09C9 /* RMEpisodeViewController.swift in Sources */,
				627DA5E22A13BC4000FE09C9 /* AppDelegate.swift in Sources */,
				627DA5E42A13BC4000FE09C9 /* SceneDelegate.swift in Sources */,
				627DA60A2A13C48900FE09C9 /* RMSettingsViewController.swift in Sources */,
				627DA5FD2A13C0CC00FE09C9 /* RMLocation.swift in Sources */,
				627DA5FF2A13C0DF00FE09C9 /* RMCharacter.swift in Sources */,
				627DA6042A13C41100FE09C9 /* RMCharacterViewController.swift in Sources */,
			);
			runOnlyForDeploymentPostprocessing = 0;
		};
/* End PBXSourcesBuildPhase section */

/* Begin PBXVariantGroup section */
		627DA5EC2A13BC4100FE09C9 /* LaunchScreen.storyboard */ = {
			isa = PBXVariantGroup;
			children = (
				627DA5ED2A13BC4100FE09C9 /* Base */,
			);
			name = LaunchScreen.storyboard;
			sourceTree = "<group>";
		};
/* End PBXVariantGroup section */

/* Begin XCBuildConfiguration section */
		627DA5F02A13BC4100FE09C9 /* Debug */ = {
			isa = XCBuildConfiguration;
			buildSettings = {
				ALWAYS_SEARCH_USER_PATHS = NO;
				CLANG_ANALYZER_NONNULL = YES;
				CLANG_ANALYZER_NUMBER_OBJECT_CONVERSION = YES_AGGRESSIVE;
				CLANG_CXX_LANGUAGE_STANDARD = "gnu++20";
				CLANG_ENABLE_MODULES = YES;
				CLANG_ENABLE_OBJC_ARC = YES;
				CLANG_ENABLE_OBJC_WEAK = YES;
				CLANG_WARN_BLOCK_CAPTURE_AUTORELEASING = YES;
				CLANG_WARN_BOOL_CONVERSION = YES;
				CLANG_WARN_COMMA = YES;
				CLANG_WARN_CONSTANT_CONVERSION = YES;
				CLANG_WARN_DEPRECATED_OBJC_IMPLEMENTATIONS = YES;
				CLANG_WARN_DIRECT_OBJC_ISA_USAGE = YES_ERROR;
				CLANG_WARN_DOCUMENTATION_COMMENTS = YES;
				CLANG_WARN_EMPTY_BODY = YES;
				CLANG_WARN_ENUM_CONVERSION = YES;
				CLANG_WARN_INFINITE_RECURSION = YES;
				CLANG_WARN_INT_CONVERSION = YES;
				CLANG_WARN_NON_LITERAL_NULL_CONVERSION = YES;
				CLANG_WARN_OBJC_IMPLICIT_RETAIN_SELF = YES;
				CLANG_WARN_OBJC_LITERAL_CONVERSION = YES;
				CLANG_WARN_OBJC_ROOT_CLASS = YES_ERROR;
				CLANG_WARN_QUOTED_INCLUDE_IN_FRAMEWORK_HEADER = YES;
				CLANG_WARN_RANGE_LOOP_ANALYSIS = YES;
				CLANG_WARN_STRICT_PROTOTYPES = YES;
				CLANG_WARN_SUSPICIOUS_MOVE = YES;
				CLANG_WARN_UNGUARDED_AVAILABILITY = YES_AGGRESSIVE;
				CLANG_WARN_UNREACHABLE_CODE = YES;
				CLANG_WARN__DUPLICATE_METHOD_MATCH = YES;
				COPY_PHASE_STRIP = NO;
				DEBUG_INFORMATION_FORMAT = dwarf;
				ENABLE_STRICT_OBJC_MSGSEND = YES;
				ENABLE_TESTABILITY = YES;
				GCC_C_LANGUAGE_STANDARD = gnu11;
				GCC_DYNAMIC_NO_PIC = NO;
				GCC_NO_COMMON_BLOCKS = YES;
				GCC_OPTIMIZATION_LEVEL = 0;
				GCC_PREPROCESSOR_DEFINITIONS = (
					"DEBUG=1",
					"$(inherited)",
				);
				GCC_WARN_64_TO_32_BIT_CONVERSION = YES;
				GCC_WARN_ABOUT_RETURN_TYPE = YES_ERROR;
				GCC_WARN_UNDECLARED_SELECTOR = YES;
				GCC_WARN_UNINITIALIZED_AUTOS = YES_AGGRESSIVE;
				GCC_WARN_UNUSED_FUNCTION = YES;
				GCC_WARN_UNUSED_VARIABLE = YES;
				IPHONEOS_DEPLOYMENT_TARGET = 16.4;
				MTL_ENABLE_DEBUG_INFO = INCLUDE_SOURCE;
				MTL_FAST_MATH = YES;
				ONLY_ACTIVE_ARCH = YES;
				SDKROOT = iphoneos;
				SWIFT_ACTIVE_COMPILATION_CONDITIONS = DEBUG;
				SWIFT_OPTIMIZATION_LEVEL = "-Onone";
			};
			name = Debug;
		};
		627DA5F12A13BC4100FE09C9 /* Release */ = {
			isa = XCBuildConfiguration;
			buildSettings = {
				ALWAYS_SEARCH_USER_PATHS = NO;
				CLANG_ANALYZER_NONNULL = YES;
				CLANG_ANALYZER_NUMBER_OBJECT_CONVERSION = YES_AGGRESSIVE;
				CLANG_CXX_LANGUAGE_STANDARD = "gnu++20";
				CLANG_ENABLE_MODULES = YES;
				CLANG_ENABLE_OBJC_ARC = YES;
				CLANG_ENABLE_OBJC_WEAK = YES;
				CLANG_WARN_BLOCK_CAPTURE_AUTORELEASING = YES;
				CLANG_WARN_BOOL_CONVERSION = YES;
				CLANG_WARN_COMMA = YES;
				CLANG_WARN_CONSTANT_CONVERSION = YES;
				CLANG_WARN_DEPRECATED_OBJC_IMPLEMENTATIONS = YES;
				CLANG_WARN_DIRECT_OBJC_ISA_USAGE = YES_ERROR;
				CLANG_WARN_DOCUMENTATION_COMMENTS = YES;
				CLANG_WARN_EMPTY_BODY = YES;
				CLANG_WARN_ENUM_CONVERSION = YES;
				CLANG_WARN_INFINITE_RECURSION = YES;
				CLANG_WARN_INT_CONVERSION = YES;
				CLANG_WARN_NON_LITERAL_NULL_CONVERSION = YES;
				CLANG_WARN_OBJC_IMPLICIT_RETAIN_SELF = YES;
				CLANG_WARN_OBJC_LITERAL_CONVERSION = YES;
				CLANG_WARN_OBJC_ROOT_CLASS = YES_ERROR;
				CLANG_WARN_QUOTED_INCLUDE_IN_FRAMEWORK_HEADER = YES;
				CLANG_WARN_RANGE_LOOP_ANALYSIS = YES;
				CLANG_WARN_STRICT_PROTOTYPES = YES;
				CLANG_WARN_SUSPICIOUS_MOVE = YES;
				CLANG_WARN_UNGUARDED_AVAILABILITY = YES_AGGRESSIVE;
				CLANG_WARN_UNREACHABLE_CODE = YES;
				CLANG_WARN__DUPLICATE_METHOD_MATCH = YES;
				COPY_PHASE_STRIP = NO;
				DEBUG_INFORMATION_FORMAT = "dwarf-with-dsym";
				ENABLE_NS_ASSERTIONS = NO;
				ENABLE_STRICT_OBJC_MSGSEND = YES;
				GCC_C_LANGUAGE_STANDARD = gnu11;
				GCC_NO_COMMON_BLOCKS = YES;
				GCC_WARN_64_TO_32_BIT_CONVERSION = YES;
				GCC_WARN_ABOUT_RETURN_TYPE = YES_ERROR;
				GCC_WARN_UNDECLARED_SELECTOR = YES;
				GCC_WARN_UNINITIALIZED_AUTOS = YES_AGGRESSIVE;
				GCC_WARN_UNUSED_FUNCTION = YES;
				GCC_WARN_UNUSED_VARIABLE = YES;
				IPHONEOS_DEPLOYMENT_TARGET = 16.4;
				MTL_ENABLE_DEBUG_INFO = NO;
				MTL_FAST_MATH = YES;
				SDKROOT = iphoneos;
				SWIFT_COMPILATION_MODE = wholemodule;
				SWIFT_OPTIMIZATION_LEVEL = "-O";
				VALIDATE_PRODUCT = YES;
			};
			name = Release;
		};
		627DA5F32A13BC4100FE09C9 /* Debug */ = {
			isa = XCBuildConfiguration;
			buildSettings = {
				ASSETCATALOG_COMPILER_APPICON_NAME = AppIcon;
				ASSETCATALOG_COMPILER_GLOBAL_ACCENT_COLOR_NAME = AccentColor;
				CODE_SIGN_STYLE = Automatic;
				CURRENT_PROJECT_VERSION = 1;
				DEVELOPMENT_TEAM = 3BVV49HUKW;
				GENERATE_INFOPLIST_FILE = YES;
				INFOPLIST_FILE = RickAndMorty/Info.plist;
				INFOPLIST_KEY_LSApplicationCategoryType = "";
				INFOPLIST_KEY_UIApplicationSupportsIndirectInputEvents = YES;
				INFOPLIST_KEY_UILaunchStoryboardName = LaunchScreen;
				INFOPLIST_KEY_UISupportedInterfaceOrientations_iPad = "UIInterfaceOrientationPortrait UIInterfaceOrientationPortraitUpsideDown UIInterfaceOrientationLandscapeLeft UIInterfaceOrientationLandscapeRight";
				INFOPLIST_KEY_UISupportedInterfaceOrientations_iPhone = "UIInterfaceOrientationPortrait UIInterfaceOrientationLandscapeLeft UIInterfaceOrientationLandscapeRight";
				LD_RUNPATH_SEARCH_PATHS = (
					"$(inherited)",
					"@executable_path/Frameworks",
				);
				MARKETING_VERSION = 1.0;
				PRODUCT_BUNDLE_IDENTIFIER = marApp.RickAndMorty;
				PRODUCT_NAME = "$(TARGET_NAME)";
				SWIFT_EMIT_LOC_STRINGS = YES;
				SWIFT_VERSION = 5.0;
				TARGETED_DEVICE_FAMILY = "1,2";
			};
			name = Debug;
		};
		627DA5F42A13BC4100FE09C9 /* Release */ = {
			isa = XCBuildConfiguration;
			buildSettings = {
				ASSETCATALOG_COMPILER_APPICON_NAME = AppIcon;
				ASSETCATALOG_COMPILER_GLOBAL_ACCENT_COLOR_NAME = AccentColor;
				CODE_SIGN_STYLE = Automatic;
				CURRENT_PROJECT_VERSION = 1;
				DEVELOPMENT_TEAM = 3BVV49HUKW;
				GENERATE_INFOPLIST_FILE = YES;
				INFOPLIST_FILE = RickAndMorty/Info.plist;
				INFOPLIST_KEY_LSApplicationCategoryType = "";
				INFOPLIST_KEY_UIApplicationSupportsIndirectInputEvents = YES;
				INFOPLIST_KEY_UILaunchStoryboardName = LaunchScreen;
				INFOPLIST_KEY_UISupportedInterfaceOrientations_iPad = "UIInterfaceOrientationPortrait UIInterfaceOrientationPortraitUpsideDown UIInterfaceOrientationLandscapeLeft UIInterfaceOrientationLandscapeRight";
				INFOPLIST_KEY_UISupportedInterfaceOrientations_iPhone = "UIInterfaceOrientationPortrait UIInterfaceOrientationLandscapeLeft UIInterfaceOrientationLandscapeRight";
				LD_RUNPATH_SEARCH_PATHS = (
					"$(inherited)",
					"@executable_path/Frameworks",
				);
				MARKETING_VERSION = 1.0;
				PRODUCT_BUNDLE_IDENTIFIER = marApp.RickAndMorty;
				PRODUCT_NAME = "$(TARGET_NAME)";
				SWIFT_EMIT_LOC_STRINGS = YES;
				SWIFT_VERSION = 5.0;
				TARGETED_DEVICE_FAMILY = "1,2";
			};
			name = Release;
		};
/* End XCBuildConfiguration section */

/* Begin XCConfigurationList section */
		627DA5D92A13BC4000FE09C9 /* Build configuration list for PBXProject "RickAndMorty" */ = {
			isa = XCConfigurationList;
			buildConfigurations = (
				627DA5F02A13BC4100FE09C9 /* Debug */,
				627DA5F12A13BC4100FE09C9 /* Release */,
			);
			defaultConfigurationIsVisible = 0;
			defaultConfigurationName = Release;
		};
		627DA5F22A13BC4100FE09C9 /* Build configuration list for PBXNativeTarget "RickAndMorty" */ = {
			isa = XCConfigurationList;
			buildConfigurations = (
				627DA5F32A13BC4100FE09C9 /* Debug */,
				627DA5F42A13BC4100FE09C9 /* Release */,
			);
			defaultConfigurationIsVisible = 0;
			defaultConfigurationName = Release;
		};
/* End XCConfigurationList section */
	};
	rootObject = 627DA5D62A13BC4000FE09C9 /* Project object */;
}
